
Microsoft Visual Studio Solution File, Format Version 12.00
# Visual Studio Version 17
VisualStudioVersion = 17.2.32630.192
MinimumVisualStudioVersion = 10.0.40219.1
Project("{FAE04EC0-301F-11D3-BF4B-00C04F79EFBC}") = "Cobid.Api", "Cobid.Api\Cobid.Api.csproj", "{F52C7AF4-CED0-4922-8B1E-1A2987060FBD}"
EndProject
Global
	GlobalSection(SolutionConfigurationPlatforms) = preSolution
		Debug|Any CPU = Debug|Any CPU
		Release|Any CPU = Release|Any CPU
	EndGlobalSection
	GlobalSection(ProjectConfigurationPlatforms) = postSolution
		{F52C7AF4-CED0-4922-8B1E-1A2987060FBD}.Debug|Any CPU.ActiveCfg = Debug|Any CPU
		{F52C7AF4-CED0-4922-8B1E-1A2987060FBD}.Debug|Any CPU.Build.0 = Debug|Any CPU
		{F52C7AF4-CED0-4922-8B1E-1A2987060FBD}.Release|Any CPU.ActiveCfg = Release|Any CPU
		{F52C7AF4-CED0-4922-8B1E-1A2987060FBD}.Release|Any CPU.Build.0 = Release|Any CPU
	EndGlobalSection
	GlobalSection(SolutionProperties) = preSolution
		HideSolutionNode = FALSE
	EndGlobalSection
	GlobalSection(ExtensibilityGlobals) = postSolution
		SolutionGuid = {51AB0210-0C53-4173-9F12-E90C049896C5}
	EndGlobalSection
EndGlobal
